// !$*UTF8*$!
{
	archiveVersion = 1;
	classes = {
	};
	objectVersion = 55;
	objects = {

/* Begin PBXBuildFile section */
		8F8B4544299650A900D87F26 /* AppDelegate.swift in Sources */ = {isa = PBXBuildFile; fileRef = 8F8B4543299650A900D87F26 /* AppDelegate.swift */; };
		8F8B4546299650A900D87F26 /* SceneDelegate.swift in Sources */ = {isa = PBXBuildFile; fileRef = 8F8B4545299650A900D87F26 /* SceneDelegate.swift */; };
		8F8B4548299650A900D87F26 /* MainViewController.swift in Sources */ = {isa = PBXBuildFile; fileRef = 8F8B4547299650A900D87F26 /* MainViewController.swift */; };
		8F8B45582996530600D87F26 /* APIKey.swift in Sources */ = {isa = PBXBuildFile; fileRef = 8F8B45572996530600D87F26 /* APIKey.swift */; };
		8F8B455B2996553600D87F26 /* APODModel.swift in Sources */ = {isa = PBXBuildFile; fileRef = 8F8B455A2996553600D87F26 /* APODModel.swift */; };
		8F8B455F2996577500D87F26 /* NetworkManager.swift in Sources */ = {isa = PBXBuildFile; fileRef = 8F8B455E2996577500D87F26 /* NetworkManager.swift */; };
		8FD23B5F299E69FE00E9ACF6 /* PhotosCollectionViewCell.swift in Sources */ = {isa = PBXBuildFile; fileRef = 8FD23B5E299E69FE00E9ACF6 /* PhotosCollectionViewCell.swift */; };
		8FD23B61299E6A3200E9ACF6 /* GalleryCollectionViewController.swift in Sources */ = {isa = PBXBuildFile; fileRef = 8FD23B60299E6A3200E9ACF6 /* GalleryCollectionViewController.swift */; };
		8FD23B63299FA8A800E9ACF6 /* PhotoDetailsViewController.swift in Sources */ = {isa = PBXBuildFile; fileRef = 8FD23B62299FA8A800E9ACF6 /* PhotoDetailsViewController.swift */; };
		8FD23B66299FFF6900E9ACF6 /* Sasha Malkovich - Yoga Power.mp3 in Resources */ = {isa = PBXBuildFile; fileRef = 8FD23B65299FFF6800E9ACF6 /* Sasha Malkovich - Yoga Power.mp3 */; };
		8FF43C10299B75BC00C8619E /* APODViewModel.swift in Sources */ = {isa = PBXBuildFile; fileRef = 8FF43C0F299B75BB00C8619E /* APODViewModel.swift */; };
/* End PBXBuildFile section */

/* Begin PBXFileReference section */
		8F8B4540299650A900D87F26 /* NASAAPOD.app */ = {isa = PBXFileReference; explicitFileType = wrapper.application; includeInIndex = 0; path = NASAAPOD.app; sourceTree = BUILT_PRODUCTS_DIR; };
		8F8B4543299650A900D87F26 /* AppDelegate.swift */ = {isa = PBXFileReference; lastKnownFileType = sourcecode.swift; path = AppDelegate.swift; sourceTree = "<group>"; };
		8F8B4545299650A900D87F26 /* SceneDelegate.swift */ = {isa = PBXFileReference; lastKnownFileType = sourcecode.swift; path = SceneDelegate.swift; sourceTree = "<group>"; };
		8F8B4547299650A900D87F26 /* MainViewController.swift */ = {isa = PBXFileReference; lastKnownFileType = sourcecode.swift; path = MainViewController.swift; sourceTree = "<group>"; };
		8F8B454C299650AF00D87F26 /* Assets.xcassets */ = {isa = PBXFileReference; lastKnownFileType = folder.assetcatalog; path = Assets.xcassets; sourceTree = "<group>"; };
		8F8B454F299650AF00D87F26 /* Base */ = {isa = PBXFileReference; lastKnownFileType = file.storyboard; name = Base; path = Base.lproj/LaunchScreen.storyboard; sourceTree = "<group>"; };
		8F8B4551299650AF00D87F26 /* Info.plist */ = {isa = PBXFileReference; lastKnownFileType = text.plist.xml; path = Info.plist; sourceTree = "<group>"; };
		8F8B45572996530600D87F26 /* APIKey.swift */ = {isa = PBXFileReference; lastKnownFileType = sourcecode.swift; path = APIKey.swift; sourceTree = "<group>"; };
		8F8B455A2996553600D87F26 /* APODModel.swift */ = {isa = PBXFileReference; lastKnownFileType = sourcecode.swift; path = APODModel.swift; sourceTree = "<group>"; };
		8F8B455E2996577500D87F26 /* NetworkManager.swift */ = {isa = PBXFileReference; lastKnownFileType = sourcecode.swift; path = NetworkManager.swift; sourceTree = "<group>"; };
		8FD23B5E299E69FE00E9ACF6 /* PhotosCollectionViewCell.swift */ = {isa = PBXFileReference; lastKnownFileType = sourcecode.swift; path = PhotosCollectionViewCell.swift; sourceTree = "<group>"; };
		8FD23B60299E6A3200E9ACF6 /* GalleryCollectionViewController.swift */ = {isa = PBXFileReference; lastKnownFileType = sourcecode.swift; path = GalleryCollectionViewController.swift; sourceTree = "<group>"; };
		8FD23B62299FA8A800E9ACF6 /* PhotoDetailsViewController.swift */ = {isa = PBXFileReference; lastKnownFileType = sourcecode.swift; path = PhotoDetailsViewController.swift; sourceTree = "<group>"; };
		8FD23B65299FFF6800E9ACF6 /* Sasha Malkovich - Yoga Power.mp3 */ = {isa = PBXFileReference; lastKnownFileType = audio.mp3; path = "Sasha Malkovich - Yoga Power.mp3"; sourceTree = "<group>"; };
		8FF43C0F299B75BB00C8619E /* APODViewModel.swift */ = {isa = PBXFileReference; lastKnownFileType = sourcecode.swift; path = APODViewModel.swift; sourceTree = "<group>"; };
/* End PBXFileReference section */

/* Begin PBXFrameworksBuildPhase section */
		8F8B453D299650A900D87F26 /* Frameworks */ = {
			isa = PBXFrameworksBuildPhase;
			buildActionMask = 2147483647;
			files = (
			);
			runOnlyForDeploymentPostprocessing = 0;
		};
/* End PBXFrameworksBuildPhase section */

/* Begin PBXGroup section */
		8F70F872299CEC2D005EE62F /* Views */ = {
			isa = PBXGroup;
			children = (
				8FD23B5E299E69FE00E9ACF6 /* PhotosCollectionViewCell.swift */,
				8FD23B60299E6A3200E9ACF6 /* GalleryCollectionViewController.swift */,
				8FD23B62299FA8A800E9ACF6 /* PhotoDetailsViewController.swift */,
			);
			path = Views;
			sourceTree = "<group>";
		};
		8F8B4537299650A900D87F26 = {
			isa = PBXGroup;
			children = (
				8F8B4542299650A900D87F26 /* NASAAPOD */,
				8F8B4541299650A900D87F26 /* Products */,
			);
			sourceTree = "<group>";
		};
		8F8B4541299650A900D87F26 /* Products */ = {
			isa = PBXGroup;
			children = (
				8F8B4540299650A900D87F26 /* NASAAPOD.app */,
			);
			name = Products;
			sourceTree = "<group>";
		};
		8F8B4542299650A900D87F26 /* NASAAPOD */ = {
			isa = PBXGroup;
			children = (
				8F8B4551299650AF00D87F26 /* Info.plist */,
				8F8B455C2996553B00D87F26 /* Model */,
				8F70F872299CEC2D005EE62F /* Views */,
				8FD23B6729A0026200E9ACF6 /* ViewModel */,
				8F8B455D2996575600D87F26 /* Network Service */,
				8F8B45592996530C00D87F26 /* Constants */,
				8FD23B6829A0029C00E9ACF6 /* Supporting Files */,
				8FD23B64299FFF5000E9ACF6 /* Sounds */,
			);
			path = NASAAPOD;
			sourceTree = "<group>";
		};
		8F8B45592996530C00D87F26 /* Constants */ = {
			isa = PBXGroup;
			children = (
				8F8B45572996530600D87F26 /* APIKey.swift */,
			);
			path = Constants;
			sourceTree = "<group>";
		};
		8F8B455C2996553B00D87F26 /* Model */ = {
			isa = PBXGroup;
			children = (
				8F8B455A2996553600D87F26 /* APODModel.swift */,
			);
			path = Model;
			sourceTree = "<group>";
		};
		8F8B455D2996575600D87F26 /* Network Service */ = {
			isa = PBXGroup;
			children = (
				8F8B455E2996577500D87F26 /* NetworkManager.swift */,
			);
			path = "Network Service";
			sourceTree = "<group>";
		};
		8FD23B64299FFF5000E9ACF6 /* Sounds */ = {
			isa = PBXGroup;
			children = (
				8FD23B65299FFF6800E9ACF6 /* Sasha Malkovich - Yoga Power.mp3 */,
			);
			path = Sounds;
			sourceTree = "<group>";
		};
		8FD23B6729A0026200E9ACF6 /* ViewModel */ = {
			isa = PBXGroup;
			children = (
				8FF43C0F299B75BB00C8619E /* APODViewModel.swift */,
			);
			path = ViewModel;
			sourceTree = "<group>";
		};
		8FD23B6829A0029C00E9ACF6 /* Supporting Files */ = {
			isa = PBXGroup;
			children = (
				8F8B4543299650A900D87F26 /* AppDelegate.swift */,
				8F8B4545299650A900D87F26 /* SceneDelegate.swift */,
				8F8B4547299650A900D87F26 /* MainViewController.swift */,
				8F8B454C299650AF00D87F26 /* Assets.xcassets */,
				8F8B454E299650AF00D87F26 /* LaunchScreen.storyboard */,
			);
			path = "Supporting Files";
			sourceTree = "<group>";
		};
/* End PBXGroup section */

/* Begin PBXNativeTarget section */
		8F8B453F299650A900D87F26 /* NASAAPOD */ = {
			isa = PBXNativeTarget;
			buildConfigurationList = 8F8B4554299650AF00D87F26 /* Build configuration list for PBXNativeTarget "NASAAPOD" */;
			buildPhases = (
				8F8B453C299650A900D87F26 /* Sources */,
				8F8B453D299650A900D87F26 /* Frameworks */,
				8F8B453E299650A900D87F26 /* Resources */,
			);
			buildRules = (
			);
			dependencies = (
			);
			name = NASAAPOD;
			productName = NASAAPOD;
			productReference = 8F8B4540299650A900D87F26 /* NASAAPOD.app */;
			productType = "com.apple.product-type.application";
		};
/* End PBXNativeTarget section */

/* Begin PBXProject section */
		8F8B4538299650A900D87F26 /* Project object */ = {
			isa = PBXProject;
			attributes = {
				BuildIndependentTargetsInParallel = 1;
				LastSwiftUpdateCheck = 1340;
				LastUpgradeCheck = 1340;
				TargetAttributes = {
					8F8B453F299650A900D87F26 = {
						CreatedOnToolsVersion = 13.4.1;
					};
				};
			};
			buildConfigurationList = 8F8B453B299650A900D87F26 /* Build configuration list for PBXProject "NASAAPOD" */;
			compatibilityVersion = "Xcode 13.0";
			developmentRegion = en;
			hasScannedForEncodings = 0;
			knownRegions = (
				en,
				Base,
			);
			mainGroup = 8F8B4537299650A900D87F26;
			productRefGroup = 8F8B4541299650A900D87F26 /* Products */;
			projectDirPath = "";
			projectRoot = "";
			targets = (
				8F8B453F299650A900D87F26 /* NASAAPOD */,
			);
		};
/* End PBXProject section */

/* Begin PBXResourcesBuildPhase section */
		8F8B453E299650A900D87F26 /* Resources */ = {
			isa = PBXResourcesBuildPhase;
			buildActionMask = 2147483647;
			files = (
				8FD23B66299FFF6900E9ACF6 /* Sasha Malkovich - Yoga Power.mp3 in Resources */,
			);
			runOnlyForDeploymentPostprocessing = 0;
		};
/* End PBXResourcesBuildPhase section */

/* Begin PBXSourcesBuildPhase section */
		8F8B453C299650A900D87F26 /* Sources */ = {
			isa = PBXSourcesBuildPhase;
			buildActionMask = 2147483647;
			files = (
				8FD23B61299E6A3200E9ACF6 /* GalleryCollectionViewController.swift in Sources */,
				8FF43C10299B75BC00C8619E /* APODViewModel.swift in Sources */,
				8FD23B5F299E69FE00E9ACF6 /* PhotosCollectionViewCell.swift in Sources */,
				8F8B455F2996577500D87F26 /* NetworkManager.swift in Sources */,
				8F8B4548299650A900D87F26 /* MainViewController.swift in Sources */,
				8F8B4544299650A900D87F26 /* AppDelegate.swift in Sources */,
				8FD23B63299FA8A800E9ACF6 /* PhotoDetailsViewController.swift in Sources */,
				8F8B45582996530600D87F26 /* APIKey.swift in Sources */,
				8F8B455B2996553600D87F26 /* APODModel.swift in Sources */,
				8F8B4546299650A900D87F26 /* SceneDelegate.swift in Sources */,
			);
			runOnlyForDeploymentPostprocessing = 0;
		};
/* End PBXSourcesBuildPhase section */

/* Begin PBXVariantGroup section */
		8F8B454E299650AF00D87F26 /* LaunchScreen.storyboard */ = {
			isa = PBXVariantGroup;
			children = (
				8F8B454F299650AF00D87F26 /* Base */,
			);
			name = LaunchScreen.storyboard;
			sourceTree = "<group>";
		};
/* End PBXVariantGroup section */

/* Begin XCBuildConfiguration section */
		8F8B4552299650AF00D87F26 /* Debug */ = {
			isa = XCBuildConfiguration;
			buildSettings = {
				ALWAYS_SEARCH_USER_PATHS = NO;
				CLANG_ANALYZER_NONNULL = YES;
				CLANG_ANALYZER_NUMBER_OBJECT_CONVERSION = YES_AGGRESSIVE;
				CLANG_CXX_LANGUAGE_STANDARD = "gnu++17";
				CLANG_ENABLE_MODULES = YES;
				CLANG_ENABLE_OBJC_ARC = YES;
				CLANG_ENABLE_OBJC_WEAK = YES;
				CLANG_WARN_BLOCK_CAPTURE_AUTORELEASING = YES;
				CLANG_WARN_BOOL_CONVERSION = YES;
				CLANG_WARN_COMMA = YES;
				CLANG_WARN_CONSTANT_CONVERSION = YES;
				CLANG_WARN_DEPRECATED_OBJC_IMPLEMENTATIONS = YES;
				CLANG_WARN_DIRECT_OBJC_ISA_USAGE = YES_ERROR;
				CLANG_WARN_DOCUMENTATION_COMMENTS = YES;
				CLANG_WARN_EMPTY_BODY = YES;
				CLANG_WARN_ENUM_CONVERSION = YES;
				CLANG_WARN_INFINITE_RECURSION = YES;
				CLANG_WARN_INT_CONVERSION = YES;
				CLANG_WARN_NON_LITERAL_NULL_CONVERSION = YES;
				CLANG_WARN_OBJC_IMPLICIT_RETAIN_SELF = YES;
				CLANG_WARN_OBJC_LITERAL_CONVERSION = YES;
				CLANG_WARN_OBJC_ROOT_CLASS = YES_ERROR;
				CLANG_WARN_QUOTED_INCLUDE_IN_FRAMEWORK_HEADER = YES;
				CLANG_WARN_RANGE_LOOP_ANALYSIS = YES;
				CLANG_WARN_STRICT_PROTOTYPES = YES;
				CLANG_WARN_SUSPICIOUS_MOVE = YES;
				CLANG_WARN_UNGUARDED_AVAILABILITY = YES_AGGRESSIVE;
				CLANG_WARN_UNREACHABLE_CODE = YES;
				CLANG_WARN__DUPLICATE_METHOD_MATCH = YES;
				COPY_PHASE_STRIP = NO;
				DEBUG_INFORMATION_FORMAT = dwarf;
				ENABLE_STRICT_OBJC_MSGSEND = YES;
				ENABLE_TESTABILITY = YES;
				GCC_C_LANGUAGE_STANDARD = gnu11;
				GCC_DYNAMIC_NO_PIC = NO;
				GCC_NO_COMMON_BLOCKS = YES;
				GCC_OPTIMIZATION_LEVEL = 0;
				GCC_PREPROCESSOR_DEFINITIONS = (
					"DEBUG=1",
					"$(inherited)",
				);
				GCC_WARN_64_TO_32_BIT_CONVERSION = YES;
				GCC_WARN_ABOUT_RETURN_TYPE = YES_ERROR;
				GCC_WARN_UNDECLARED_SELECTOR = YES;
				GCC_WARN_UNINITIALIZED_AUTOS = YES_AGGRESSIVE;
				GCC_WARN_UNUSED_FUNCTION = YES;
				GCC_WARN_UNUSED_VARIABLE = YES;
				IPHONEOS_DEPLOYMENT_TARGET = 15.5;
				MTL_ENABLE_DEBUG_INFO = INCLUDE_SOURCE;
				MTL_FAST_MATH = YES;
				ONLY_ACTIVE_ARCH = YES;
				SDKROOT = iphoneos;
				SWIFT_ACTIVE_COMPILATION_CONDITIONS = DEBUG;
				SWIFT_OPTIMIZATION_LEVEL = "-Onone";
			};
			name = Debug;
		};
		8F8B4553299650AF00D87F26 /* Release */ = {
			isa = XCBuildConfiguration;
			buildSettings = {
				ALWAYS_SEARCH_USER_PATHS = NO;
				CLANG_ANALYZER_NONNULL = YES;
				CLANG_ANALYZER_NUMBER_OBJECT_CONVERSION = YES_AGGRESSIVE;
				CLANG_CXX_LANGUAGE_STANDARD = "gnu++17";
				CLANG_ENABLE_MODULES = YES;
				CLANG_ENABLE_OBJC_ARC = YES;
				CLANG_ENABLE_OBJC_WEAK = YES;
				CLANG_WARN_BLOCK_CAPTURE_AUTORELEASING = YES;
				CLANG_WARN_BOOL_CONVERSION = YES;
				CLANG_WARN_COMMA = YES;
				CLANG_WARN_CONSTANT_CONVERSION = YES;
				CLANG_WARN_DEPRECATED_OBJC_IMPLEMENTATIONS = YES;
				CLANG_WARN_DIRECT_OBJC_ISA_USAGE = YES_ERROR;
				CLANG_WARN_DOCUMENTATION_COMMENTS = YES;
				CLANG_WARN_EMPTY_BODY = YES;
				CLANG_WARN_ENUM_CONVERSION = YES;
				CLANG_WARN_INFINITE_RECURSION = YES;
				CLANG_WARN_INT_CONVERSION = YES;
				CLANG_WARN_NON_LITERAL_NULL_CONVERSION = YES;
				CLANG_WARN_OBJC_IMPLICIT_RETAIN_SELF = YES;
				CLANG_WARN_OBJC_LITERAL_CONVERSION = YES;
				CLANG_WARN_OBJC_ROOT_CLASS = YES_ERROR;
				CLANG_WARN_QUOTED_INCLUDE_IN_FRAMEWORK_HEADER = YES;
				CLANG_WARN_RANGE_LOOP_ANALYSIS = YES;
				CLANG_WARN_STRICT_PROTOTYPES = YES;
				CLANG_WARN_SUSPICIOUS_MOVE = YES;
				CLANG_WARN_UNGUARDED_AVAILABILITY = YES_AGGRESSIVE;
				CLANG_WARN_UNREACHABLE_CODE = YES;
				CLANG_WARN__DUPLICATE_METHOD_MATCH = YES;
				COPY_PHASE_STRIP = NO;
				DEBUG_INFORMATION_FORMAT = "dwarf-with-dsym";
				ENABLE_NS_ASSERTIONS = NO;
				ENABLE_STRICT_OBJC_MSGSEND = YES;
				GCC_C_LANGUAGE_STANDARD = gnu11;
				GCC_NO_COMMON_BLOCKS = YES;
				GCC_WARN_64_TO_32_BIT_CONVERSION = YES;
				GCC_WARN_ABOUT_RETURN_TYPE = YES_ERROR;
				GCC_WARN_UNDECLARED_SELECTOR = YES;
				GCC_WARN_UNINITIALIZED_AUTOS = YES_AGGRESSIVE;
				GCC_WARN_UNUSED_FUNCTION = YES;
				GCC_WARN_UNUSED_VARIABLE = YES;
				IPHONEOS_DEPLOYMENT_TARGET = 15.5;
				MTL_ENABLE_DEBUG_INFO = NO;
				MTL_FAST_MATH = YES;
				SDKROOT = iphoneos;
				SWIFT_COMPILATION_MODE = wholemodule;
				SWIFT_OPTIMIZATION_LEVEL = "-O";
				VALIDATE_PRODUCT = YES;
			};
			name = Release;
		};
		8F8B4555299650AF00D87F26 /* Debug */ = {
			isa = XCBuildConfiguration;
			buildSettings = {
				ASSETCATALOG_COMPILER_APPICON_NAME = AppIcon;
				ASSETCATALOG_COMPILER_GLOBAL_ACCENT_COLOR_NAME = AccentColor;
				CODE_SIGN_STYLE = Automatic;
				CURRENT_PROJECT_VERSION = 1;
				DEVELOPMENT_TEAM = QUCJP87L3T;
				GENERATE_INFOPLIST_FILE = YES;
				INFOPLIST_FILE = NASAAPOD/Info.plist;
				INFOPLIST_KEY_UIApplicationSupportsIndirectInputEvents = YES;
				INFOPLIST_KEY_UILaunchStoryboardName = LaunchScreen;
				INFOPLIST_KEY_UISupportedInterfaceOrientations_iPad = "UIInterfaceOrientationPortrait UIInterfaceOrientationPortraitUpsideDown UIInterfaceOrientationLandscapeLeft UIInterfaceOrientationLandscapeRight";
				INFOPLIST_KEY_UISupportedInterfaceOrientations_iPhone = "UIInterfaceOrientationPortrait UIInterfaceOrientationLandscapeLeft UIInterfaceOrientationLandscapeRight";
				LD_RUNPATH_SEARCH_PATHS = (
					"$(inherited)",
					"@executable_path/Frameworks",
				);
				MARKETING_VERSION = 1.0;
				PRODUCT_BUNDLE_IDENTIFIER = Malika.NASAAPOD;
				PRODUCT_NAME = "$(TARGET_NAME)";
				SWIFT_EMIT_LOC_STRINGS = YES;
				SWIFT_VERSION = 5.0;
				TARGETED_DEVICE_FAMILY = "1,2";
			};
			name = Debug;
		};
		8F8B4556299650AF00D87F26 /* Release */ = {
			isa = XCBuildConfiguration;
			buildSettings = {
				ASSETCATALOG_COMPILER_APPICON_NAME = AppIcon;
				ASSETCATALOG_COMPILER_GLOBAL_ACCENT_COLOR_NAME = AccentColor;
				CODE_SIGN_STYLE = Automatic;
				CURRENT_PROJECT_VERSION = 1;
				DEVELOPMENT_TEAM = QUCJP87L3T;
				GENERATE_INFOPLIST_FILE = YES;
				INFOPLIST_FILE = NASAAPOD/Info.plist;
				INFOPLIST_KEY_UIApplicationSupportsIndirectInputEvents = YES;
				INFOPLIST_KEY_UILaunchStoryboardName = LaunchScreen;
				INFOPLIST_KEY_UISupportedInterfaceOrientations_iPad = "UIInterfaceOrientationPortrait UIInterfaceOrientationPortraitUpsideDown UIInterfaceOrientationLandscapeLeft UIInterfaceOrientationLandscapeRight";
				INFOPLIST_KEY_UISupportedInterfaceOrientations_iPhone = "UIInterfaceOrientationPortrait UIInterfaceOrientationLandscapeLeft UIInterfaceOrientationLandscapeRight";
				LD_RUNPATH_SEARCH_PATHS = (
					"$(inherited)",
					"@executable_path/Frameworks",
				);
				MARKETING_VERSION = 1.0;
				PRODUCT_BUNDLE_IDENTIFIER = Malika.NASAAPOD;
				PRODUCT_NAME = "$(TARGET_NAME)";
				SWIFT_EMIT_LOC_STRINGS = YES;
				SWIFT_VERSION = 5.0;
				TARGETED_DEVICE_FAMILY = "1,2";
			};
			name = Release;
		};
/* End XCBuildConfiguration section */

/* Begin XCConfigurationList section */
		8F8B453B299650A900D87F26 /* Build configuration list for PBXProject "NASAAPOD" */ = {
			isa = XCConfigurationList;
			buildConfigurations = (
				8F8B4552299650AF00D87F26 /* Debug */,
				8F8B4553299650AF00D87F26 /* Release */,
			);
			defaultConfigurationIsVisible = 0;
			defaultConfigurationName = Release;
		};
		8F8B4554299650AF00D87F26 /* Build configuration list for PBXNativeTarget "NASAAPOD" */ = {
			isa = XCConfigurationList;
			buildConfigurations = (
				8F8B4555299650AF00D87F26 /* Debug */,
				8F8B4556299650AF00D87F26 /* Release */,
			);
			defaultConfigurationIsVisible = 0;
			defaultConfigurationName = Release;
		};
/* End XCConfigurationList section */
	};
	rootObject = 8F8B4538299650A900D87F26 /* Project object */;
}
